
Microsoft Visual Studio Solution File, Format Version 12.00
# Visual Studio Version 17
VisualStudioVersion = 17.8.34525.116
MinimumVisualStudioVersion = 10.0.40219.1
Project("{FAE04EC0-301F-11D3-BF4B-00C04F79EFBC}") = "DynamicScraper", "DynamicScraper\DynamicScraper.csproj", "{74ED4861-3C6C-4394-93A2-56DB1E7F1945}"
EndProject
Global
	GlobalSection(SolutionConfigurationPlatforms) = preSolution
		Debug|Any CPU = Debug|Any CPU
		Release|Any CPU = Release|Any CPU
	EndGlobalSection
	GlobalSection(ProjectConfigurationPlatforms) = postSolution
		{74ED4861-3C6C-4394-93A2-56DB1E7F1945}.Debug|Any CPU.ActiveCfg = Debug|Any CPU
		{74ED4861-3C6C-4394-93A2-56DB1E7F1945}.Debug|Any CPU.Build.0 = Debug|Any CPU
		{74ED4861-3C6C-4394-93A2-56DB1E7F1945}.Release|Any CPU.ActiveCfg = Release|Any CPU
		{74ED4861-3C6C-4394-93A2-56DB1E7F1945}.Release|Any CPU.Build.0 = Release|Any CPU
	EndGlobalSection
	GlobalSection(SolutionProperties) = preSolution
		HideSolutionNode = FALSE
	EndGlobalSection
	GlobalSection(ExtensibilityGlobals) = postSolution
		SolutionGuid = {E8212152-0D59-461E-83ED-432F9FAD1075}
	EndGlobalSection
EndGlobal
